
Microsoft Visual Studio Solution File, Format Version 12.00
# Visual Studio Version 16
VisualStudioVersion = 16.0.30717.126
MinimumVisualStudioVersion = 10.0.40219.1
Project("{9A19103F-16F7-4668-BE54-9A1E7A4F7556}") = "1. December", "1. December\1. December.csproj", "{2E5A0B67-1D8A-4691-88E9-2EFCCCB2612C}"
EndProject
Project("{9A19103F-16F7-4668-BE54-9A1E7A4F7556}") = "AoCLib", "AoCLib\AoCLib.csproj", "{3509026B-2229-4F3A-B824-28F0D6E11CA8}"
EndProject
Project("{9A19103F-16F7-4668-BE54-9A1E7A4F7556}") = "2. December", "2. December\2. December.csproj", "{866EFD2B-D524-493A-AE3F-5D301E50A4CB}"
EndProject
Project("{9A19103F-16F7-4668-BE54-9A1E7A4F7556}") = "3. December", "3. December\3. December.csproj", "{F168B10E-8E07-444E-BB3D-424ADEC6FC94}"
EndProject
Project("{9A19103F-16F7-4668-BE54-9A1E7A4F7556}") = "4. December", "4. December\4. December.csproj", "{28F5A570-BD53-41C4-B0C5-8215795F7E11}"
EndProject
Project("{9A19103F-16F7-4668-BE54-9A1E7A4F7556}") = "5. December", "5. December\5. December.csproj", "{7198F43F-94C3-4ADC-85C5-CFA4ACD53983}"
EndProject
Project("{9A19103F-16F7-4668-BE54-9A1E7A4F7556}") = "6. December", "6. December\6. December.csproj", "{8175CA71-7556-48B2-8CFB-E9569B7BC4F9}"
EndProject
Project("{9A19103F-16F7-4668-BE54-9A1E7A4F7556}") = "7. December", "7. December\7. December.csproj", "{E3D0389B-416B-475C-A8FC-1CBB23FE28AC}"
EndProject
Project("{9A19103F-16F7-4668-BE54-9A1E7A4F7556}") = "8. December", "8. December\8. December.csproj", "{A245863E-5D5D-4590-91FF-CC95749029E1}"
EndProject
Project("{FAE04EC0-301F-11D3-BF4B-00C04F79EFBC}") = "9. December", "9. December\9. December.csproj", "{D875630F-F011-47A3-A2B2-3F74B49D474E}"
EndProject
Global
	GlobalSection(SolutionConfigurationPlatforms) = preSolution
		Debug|Any CPU = Debug|Any CPU
		Release|Any CPU = Release|Any CPU
	EndGlobalSection
	GlobalSection(ProjectConfigurationPlatforms) = postSolution
		{2E5A0B67-1D8A-4691-88E9-2EFCCCB2612C}.Debug|Any CPU.ActiveCfg = Debug|Any CPU
		{2E5A0B67-1D8A-4691-88E9-2EFCCCB2612C}.Debug|Any CPU.Build.0 = Debug|Any CPU
		{2E5A0B67-1D8A-4691-88E9-2EFCCCB2612C}.Release|Any CPU.ActiveCfg = Release|Any CPU
		{2E5A0B67-1D8A-4691-88E9-2EFCCCB2612C}.Release|Any CPU.Build.0 = Release|Any CPU
		{3509026B-2229-4F3A-B824-28F0D6E11CA8}.Debug|Any CPU.ActiveCfg = Debug|Any CPU
		{3509026B-2229-4F3A-B824-28F0D6E11CA8}.Debug|Any CPU.Build.0 = Debug|Any CPU
		{3509026B-2229-4F3A-B824-28F0D6E11CA8}.Release|Any CPU.ActiveCfg = Release|Any CPU
		{3509026B-2229-4F3A-B824-28F0D6E11CA8}.Release|Any CPU.Build.0 = Release|Any CPU
		{866EFD2B-D524-493A-AE3F-5D301E50A4CB}.Debug|Any CPU.ActiveCfg = Debug|Any CPU
		{866EFD2B-D524-493A-AE3F-5D301E50A4CB}.Debug|Any CPU.Build.0 = Debug|Any CPU
		{866EFD2B-D524-493A-AE3F-5D301E50A4CB}.Release|Any CPU.ActiveCfg = Release|Any CPU
		{866EFD2B-D524-493A-AE3F-5D301E50A4CB}.Release|Any CPU.Build.0 = Release|Any CPU
		{F168B10E-8E07-444E-BB3D-424ADEC6FC94}.Debug|Any CPU.ActiveCfg = Debug|Any CPU
		{F168B10E-8E07-444E-BB3D-424ADEC6FC94}.Debug|Any CPU.Build.0 = Debug|Any CPU
		{F168B10E-8E07-444E-BB3D-424ADEC6FC94}.Release|Any CPU.ActiveCfg = Release|Any CPU
		{F168B10E-8E07-444E-BB3D-424ADEC6FC94}.Release|Any CPU.Build.0 = Release|Any CPU
		{28F5A570-BD53-41C4-B0C5-8215795F7E11}.Debug|Any CPU.ActiveCfg = Debug|Any CPU
		{28F5A570-BD53-41C4-B0C5-8215795F7E11}.Debug|Any CPU.Build.0 = Debug|Any CPU
		{28F5A570-BD53-41C4-B0C5-8215795F7E11}.Release|Any CPU.ActiveCfg = Release|Any CPU
		{28F5A570-BD53-41C4-B0C5-8215795F7E11}.Release|Any CPU.Build.0 = Release|Any CPU
		{7198F43F-94C3-4ADC-85C5-CFA4ACD53983}.Debug|Any CPU.ActiveCfg = Debug|Any CPU
		{7198F43F-94C3-4ADC-85C5-CFA4ACD53983}.Debug|Any CPU.Build.0 = Debug|Any CPU
		{7198F43F-94C3-4ADC-85C5-CFA4ACD53983}.Release|Any CPU.ActiveCfg = Release|Any CPU
		{7198F43F-94C3-4ADC-85C5-CFA4ACD53983}.Release|Any CPU.Build.0 = Release|Any CPU
		{8175CA71-7556-48B2-8CFB-E9569B7BC4F9}.Debug|Any CPU.ActiveCfg = Debug|Any CPU
		{8175CA71-7556-48B2-8CFB-E9569B7BC4F9}.Debug|Any CPU.Build.0 = Debug|Any CPU
		{8175CA71-7556-48B2-8CFB-E9569B7BC4F9}.Release|Any CPU.ActiveCfg = Release|Any CPU
		{8175CA71-7556-48B2-8CFB-E9569B7BC4F9}.Release|Any CPU.Build.0 = Release|Any CPU
		{E3D0389B-416B-475C-A8FC-1CBB23FE28AC}.Debug|Any CPU.ActiveCfg = Debug|Any CPU
		{E3D0389B-416B-475C-A8FC-1CBB23FE28AC}.Debug|Any CPU.Build.0 = Debug|Any CPU
		{E3D0389B-416B-475C-A8FC-1CBB23FE28AC}.Release|Any CPU.ActiveCfg = Release|Any CPU
		{E3D0389B-416B-475C-A8FC-1CBB23FE28AC}.Release|Any CPU.Build.0 = Release|Any CPU
		{A245863E-5D5D-4590-91FF-CC95749029E1}.Debug|Any CPU.ActiveCfg = Debug|Any CPU
		{A245863E-5D5D-4590-91FF-CC95749029E1}.Debug|Any CPU.Build.0 = Debug|Any CPU
		{A245863E-5D5D-4590-91FF-CC95749029E1}.Release|Any CPU.ActiveCfg = Release|Any CPU
		{A245863E-5D5D-4590-91FF-CC95749029E1}.Release|Any CPU.Build.0 = Release|Any CPU
		{D875630F-F011-47A3-A2B2-3F74B49D474E}.Debug|Any CPU.ActiveCfg = Debug|Any CPU
		{D875630F-F011-47A3-A2B2-3F74B49D474E}.Debug|Any CPU.Build.0 = Debug|Any CPU
		{D875630F-F011-47A3-A2B2-3F74B49D474E}.Release|Any CPU.ActiveCfg = Release|Any CPU
		{D875630F-F011-47A3-A2B2-3F74B49D474E}.Release|Any CPU.Build.0 = Release|Any CPU
	EndGlobalSection
	GlobalSection(SolutionProperties) = preSolution
		HideSolutionNode = FALSE
	EndGlobalSection
	GlobalSection(ExtensibilityGlobals) = postSolution
		SolutionGuid = {8EA67CF5-EAE7-489F-86D8-95B39B405949}
	EndGlobalSection
EndGlobal
